// !$*UTF8*$!
{
	archiveVersion = 1;
	classes = {
	};
	objectVersion = 77;
	objects = {

/* Begin PBXContainerItemProxy section */
		8820DF3E2F48C5D5004148A8 /* PBXContainerItemProxy */ = {
			isa = PBXContainerItemProxy;
			containerPortal = 8820DF282F48C5D3004148A8 /* Project object */;
			proxyType = 1;
			remoteGlobalIDString = 8820DF2F2F48C5D3004148A8;
			remoteInfo = "TMDb-Movie-App";
		};
		8820DF482F48C5D5004148A8 /* PBXContainerItemProxy */ = {
			isa = PBXContainerItemProxy;
			containerPortal = 8820DF282F48C5D3004148A8 /* Project object */;
			proxyType = 1;
			remoteGlobalIDString = 8820DF2F2F48C5D3004148A8;
			remoteInfo = "TMDb-Movie-App";
		};
/* End PBXContainerItemProxy section */

/* Begin PBXFileReference section */
		8820DF302F48C5D3004148A8 /* TMDb-Movie-App.app */ = {isa = PBXFileReference; explicitFileType = wrapper.application; includeInIndex = 0; path = "TMDb-Movie-App.app"; sourceTree = BUILT_PRODUCTS_DIR; };
		8820DF3D2F48C5D5004148A8 /* TMDb-Movie-AppTests.xctest */ = {isa = PBXFileReference; explicitFileType = wrapper.cfbundle; includeInIndex = 0; path = "TMDb-Movie-AppTests.xctest"; sourceTree = BUILT_PRODUCTS_DIR; };
		8820DF472F48C5D5004148A8 /* TMDb-Movie-AppUITests.xctest */ = {isa = PBXFileReference; explicitFileType = wrapper.cfbundle; includeInIndex = 0; path = "TMDb-Movie-AppUITests.xctest"; sourceTree = BUILT_PRODUCTS_DIR; };
/* End PBXFileReference section */

/* Begin PBXFileSystemSynchronizedRootGroup section */
		8820DF322F48C5D3004148A8 /* TMDb-Movie-App */ = {
			isa = PBXFileSystemSynchronizedRootGroup;
			path = "TMDb-Movie-App";
			sourceTree = "<group>";
		};
		8820DF402F48C5D5004148A8 /* TMDb-Movie-AppTests */ = {
			isa = PBXFileSystemSynchronizedRootGroup;
			path = "TMDb-Movie-AppTests";
			sourceTree = "<group>";
		};
		8820DF4A2F48C5D5004148A8 /* TMDb-Movie-AppUITests */ = {
			isa = PBXFileSystemSynchronizedRootGroup;
			path = "TMDb-Movie-AppUITests";
			sourceTree = "<group>";
		};
/* End PBXFileSystemSynchronizedRootGroup section */

/* Begin PBXFrameworksBuildPhase section */
		8820DF2D2F48C5D3004148A8 /* Frameworks */ = {
			isa = PBXFrameworksBuildPhase;
			buildActionMask = 2147483647;
			files = (
			);
			runOnlyForDeploymentPostprocessing = 0;
		};
		8820DF3A2F48C5D5004148A8 /* Frameworks */ = {
			isa = PBXFrameworksBuildPhase;
			buildActionMask = 2147483647;
			files = (
			);
			runOnlyForDeploymentPostprocessing = 0;
		};
		8820DF442F48C5D5004148A8 /* Frameworks */ = {
			isa = PBXFrameworksBuildPhase;
			buildActionMask = 2147483647;
			files = (
			);
			runOnlyForDeploymentPostprocessing = 0;
		};
/* End PBXFrameworksBuildPhase section */

/* Begin PBXGroup section */
		8820DF272F48C5D3004148A8 = {
			isa = PBXGroup;
			children = (
				8820DF322F48C5D3004148A8 /* TMDb-Movie-App */,
				8820DF402F48C5D5004148A8 /* TMDb-Movie-AppTests */,
				8820DF4A2F48C5D5004148A8 /* TMDb-Movie-AppUITests */,
				8820DF312F48C5D3004148A8 /* Products */,
			);
			sourceTree = "<group>";
		};
		8820DF312F48C5D3004148A8 /* Products */ = {
			isa = PBXGroup;
			children = (
				8820DF302F48C5D3004148A8 /* TMDb-Movie-App.app */,
				8820DF3D2F48C5D5004148A8 /* TMDb-Movie-AppTests.xctest */,
				8820DF472F48C5D5004148A8 /* TMDb-Movie-AppUITests.xctest */,
			);
			name = Products;
			sourceTree = "<group>";
		};
/* End PBXGroup section */

/* Begin PBXNativeTarget section */
		8820DF2F2F48C5D3004148A8 /* TMDb-Movie-App */ = {
			isa = PBXNativeTarget;
			buildConfigurationList = 8820DF512F48C5D5004148A8 /* Build configuration list for PBXNativeTarget "TMDb-Movie-App" */;
			buildPhases = (
				8820DF2C2F48C5D3004148A8 /* Sources */,
				8820DF2D2F48C5D3004148A8 /* Frameworks */,
				8820DF2E2F48C5D3004148A8 /* Resources */,
			);
			buildRules = (
			);
			dependencies = (
			);
			fileSystemSynchronizedGroups = (
				8820DF322F48C5D3004148A8 /* TMDb-Movie-App */,
			);
			name = "TMDb-Movie-App";
			packageProductDependencies = (
			);
			productName = "TMDb-Movie-App";
			productReference = 8820DF302F48C5D3004148A8 /* TMDb-Movie-App.app */;
			productType = "com.apple.product-type.application";
		};
		8820DF3C2F48C5D5004148A8 /* TMDb-Movie-AppTests */ = {
			isa = PBXNativeTarget;
			buildConfigurationList = 8820DF542F48C5D5004148A8 /* Build configuration list for PBXNativeTarget "TMDb-Movie-AppTests" */;
			buildPhases = (
				8820DF392F48C5D5004148A8 /* Sources */,
				8820DF3A2F48C5D5004148A8 /* Frameworks */,
				8820DF3B2F48C5D5004148A8 /* Resources */,
			);
			buildRules = (
			);
			dependencies = (
				8820DF3F2F48C5D5004148A8 /* PBXTargetDependency */,
			);
			fileSystemSynchronizedGroups = (
				8820DF402F48C5D5004148A8 /* TMDb-Movie-AppTests */,
			);
			name = "TMDb-Movie-AppTests";
			packageProductDependencies = (
			);
			productName = "TMDb-Movie-AppTests";
			productReference = 8820DF3D2F48C5D5004148A8 /* TMDb-Movie-AppTests.xctest */;
			productType = "com.apple.product-type.bundle.unit-test";
		};
		8820DF462F48C5D5004148A8 /* TMDb-Movie-AppUITests */ = {
			isa = PBXNativeTarget;
			buildConfigurationList = 8820DF572F48C5D5004148A8 /* Build configuration list for PBXNativeTarget "TMDb-Movie-AppUITests" */;
			buildPhases = (
				8820DF432F48C5D5004148A8 /* Sources */,
				8820DF442F48C5D5004148A8 /* Frameworks */,
				8820DF452F48C5D5004148A8 /* Resources */,
			);
			buildRules = (
			);
			dependencies = (
				8820DF492F48C5D5004148A8 /* PBXTargetDependency */,
			);
			fileSystemSynchronizedGroups = (
				8820DF4A2F48C5D5004148A8 /* TMDb-Movie-AppUITests */,
			);
			name = "TMDb-Movie-AppUITests";
			packageProductDependencies = (
			);
			productName = "TMDb-Movie-AppUITests";
			productReference = 8820DF472F48C5D5004148A8 /* TMDb-Movie-AppUITests.xctest */;
			productType = "com.apple.product-type.bundle.ui-testing";
		};
/* End PBXNativeTarget section */

/* Begin PBXProject section */
		8820DF282F48C5D3004148A8 /* Project object */ = {
			isa = PBXProject;
			attributes = {
				BuildIndependentTargetsInParallel = 1;
				LastSwiftUpdateCheck = 2620;
				LastUpgradeCheck = 2620;
				TargetAttributes = {
					8820DF2F2F48C5D3004148A8 = {
						CreatedOnToolsVersion = 26.2;
					};
					8820DF3C2F48C5D5004148A8 = {
						CreatedOnToolsVersion = 26.2;
						TestTargetID = 8820DF2F2F48C5D3004148A8;
					};
					8820DF462F48C5D5004148A8 = {
						CreatedOnToolsVersion = 26.2;
						TestTargetID = 8820DF2F2F48C5D3004148A8;
					};
				};
			};
			buildConfigurationList = 8820DF2B2F48C5D3004148A8 /* Build configuration list for PBXProject "TMDb-Movie-App" */;
			developmentRegion = en;
			hasScannedForEncodings = 0;
			knownRegions = (
				en,
				Base,
			);
			mainGroup = 8820DF272F48C5D3004148A8;
			minimizedProjectReferenceProxies = 1;
			preferredProjectObjectVersion = 77;
			productRefGroup = 8820DF312F48C5D3004148A8 /* Products */;
			projectDirPath = "";
			projectRoot = "";
			targets = (
				8820DF2F2F48C5D3004148A8 /* TMDb-Movie-App */,
				8820DF3C2F48C5D5004148A8 /* TMDb-Movie-AppTests */,
				8820DF462F48C5D5004148A8 /* TMDb-Movie-AppUITests */,
			);
		};
/* End PBXProject section */

/* Begin PBXResourcesBuildPhase section */
		8820DF2E2F48C5D3004148A8 /* Resources */ = {
			isa = PBXResourcesBuildPhase;
			buildActionMask = 2147483647;
			files = (
			);
			runOnlyForDeploymentPostprocessing = 0;
		};
		8820DF3B2F48C5D5004148A8 /* Resources */ = {
			isa = PBXResourcesBuildPhase;
			buildActionMask = 2147483647;
			files = (
			);
			runOnlyForDeploymentPostprocessing = 0;
		};
		8820DF452F48C5D5004148A8 /* Resources */ = {
			isa = PBXResourcesBuildPhase;
			buildActionMask = 2147483647;
			files = (
			);
			runOnlyForDeploymentPostprocessing = 0;
		};
/* End PBXResourcesBuildPhase section */

/* Begin PBXSourcesBuildPhase section */
		8820DF2C2F48C5D3004148A8 /* Sources */ = {
			isa = PBXSourcesBuildPhase;
			buildActionMask = 2147483647;
			files = (
			);
			runOnlyForDeploymentPostprocessing = 0;
		};
		8820DF392F48C5D5004148A8 /* Sources */ = {
			isa = PBXSourcesBuildPhase;
			buildActionMask = 2147483647;
			files = (
			);
			runOnlyForDeploymentPostprocessing = 0;
		};
		8820DF432F48C5D5004148A8 /* Sources */ = {
			isa = PBXSourcesBuildPhase;
			buildActionMask = 2147483647;
			files = (
			);
			runOnlyForDeploymentPostprocessing = 0;
		};
/* End PBXSourcesBuildPhase section */

/* Begin PBXTargetDependency section */
		8820DF3F2F48C5D5004148A8 /* PBXTargetDependency */ = {
			isa = PBXTargetDependency;
			target = 8820DF2F2F48C5D3004148A8 /* TMDb-Movie-App */;
			targetProxy = 8820DF3E2F48C5D5004148A8 /* PBXContainerItemProxy */;
		};
		8820DF492F48C5D5004148A8 /* PBXTargetDependency */ = {
			isa = PBXTargetDependency;
			target = 8820DF2F2F48C5D3004148A8 /* TMDb-Movie-App */;
			targetProxy = 8820DF482F48C5D5004148A8 /* PBXContainerItemProxy */;
		};
/* End PBXTargetDependency section */

/* Begin XCBuildConfiguration section */
		8820DF4F2F48C5D5004148A8 /* Debug */ = {
			isa = XCBuildConfiguration;
			buildSettings = {
				ALWAYS_SEARCH_USER_PATHS = NO;
				ASSETCATALOG_COMPILER_GENERATE_SWIFT_ASSET_SYMBOL_EXTENSIONS = YES;
				CLANG_ANALYZER_NONNULL = YES;
				CLANG_ANALYZER_NUMBER_OBJECT_CONVERSION = YES_AGGRESSIVE;
				CLANG_CXX_LANGUAGE_STANDARD = "gnu++20";
				CLANG_ENABLE_MODULES = YES;
				CLANG_ENABLE_OBJC_ARC = YES;
				CLANG_ENABLE_OBJC_WEAK = YES;
				CLANG_WARN_BLOCK_CAPTURE_AUTORELEASING = YES;
				CLANG_WARN_BOOL_CONVERSION = YES;
				CLANG_WARN_COMMA = YES;
				CLANG_WARN_CONSTANT_CONVERSION = YES;
				CLANG_WARN_DEPRECATED_OBJC_IMPLEMENTATIONS = YES;
				CLANG_WARN_DIRECT_OBJC_ISA_USAGE = YES_ERROR;
				CLANG_WARN_DOCUMENTATION_COMMENTS = YES;
				CLANG_WARN_EMPTY_BODY = YES;
				CLANG_WARN_ENUM_CONVERSION = YES;
				CLANG_WARN_INFINITE_RECURSION = YES;
				CLANG_WARN_INT_CONVERSION = YES;
				CLANG_WARN_NON_LITERAL_NULL_CONVERSION = YES;
				CLANG_WARN_OBJC_IMPLICIT_RETAIN_SELF = YES;
				CLANG_WARN_OBJC_LITERAL_CONVERSION = YES;
				CLANG_WARN_OBJC_ROOT_CLASS = YES_ERROR;
				CLANG_WARN_QUOTED_INCLUDE_IN_FRAMEWORK_HEADER = YES;
				CLANG_WARN_RANGE_LOOP_ANALYSIS = YES;
				CLANG_WARN_STRICT_PROTOTYPES = YES;
				CLANG_WARN_SUSPICIOUS_MOVE = YES;
				CLANG_WARN_UNGUARDED_AVAILABILITY = YES_AGGRESSIVE;
				CLANG_WARN_UNREACHABLE_CODE = YES;
				CLANG_WARN__DUPLICATE_METHOD_MATCH = YES;
				COPY_PHASE_STRIP = NO;
				DEBUG_INFORMATION_FORMAT = dwarf;
				DEVELOPMENT_TEAM = NWJ8RBXRGX;
				ENABLE_STRICT_OBJC_MSGSEND = YES;
				ENABLE_TESTABILITY = YES;
				ENABLE_USER_SCRIPT_SANDBOXING = YES;
				GCC_C_LANGUAGE_STANDARD = gnu17;
				GCC_DYNAMIC_NO_PIC = NO;
				GCC_NO_COMMON_BLOCKS = YES;
				GCC_OPTIMIZATION_LEVEL = 0;
				GCC_PREPROCESSOR_DEFINITIONS = (
					"DEBUG=1",
					"$(inherited)",
				);
				GCC_WARN_64_TO_32_BIT_CONVERSION = YES;
				GCC_WARN_ABOUT_RETURN_TYPE = YES_ERROR;
				GCC_WARN_UNDECLARED_SELECTOR = YES;
				GCC_WARN_UNINITIALIZED_AUTOS = YES_AGGRESSIVE;
				GCC_WARN_UNUSED_FUNCTION = YES;
				GCC_WARN_UNUSED_VARIABLE = YES;
				IPHONEOS_DEPLOYMENT_TARGET = 26.2;
				LOCALIZATION_PREFERS_STRING_CATALOGS = YES;
				MTL_ENABLE_DEBUG_INFO = INCLUDE_SOURCE;
				MTL_FAST_MATH = YES;
				ONLY_ACTIVE_ARCH = YES;
				SDKROOT = iphoneos;
				SWIFT_ACTIVE_COMPILATION_CONDITIONS = "DEBUG $(inherited)";
				SWIFT_OPTIMIZATION_LEVEL = "-Onone";
			};
			name = Debug;
		};
		8820DF502F48C5D5004148A8 /* Release */ = {
			isa = XCBuildConfiguration;
			buildSettings = {
				ALWAYS_SEARCH_USER_PATHS = NO;
				ASSETCATALOG_COMPILER_GENERATE_SWIFT_ASSET_SYMBOL_EXTENSIONS = YES;
				CLANG_ANALYZER_NONNULL = YES;
				CLANG_ANALYZER_NUMBER_OBJECT_CONVERSION = YES_AGGRESSIVE;
				CLANG_CXX_LANGUAGE_STANDARD = "gnu++20";
				CLANG_ENABLE_MODULES = YES;
				CLANG_ENABLE_OBJC_ARC = YES;
				CLANG_ENABLE_OBJC_WEAK = YES;
				CLANG_WARN_BLOCK_CAPTURE_AUTORELEASING = YES;
				CLANG_WARN_BOOL_CONVERSION = YES;
				CLANG_WARN_COMMA = YES;
				CLANG_WARN_CONSTANT_CONVERSION = YES;
				CLANG_WARN_DEPRECATED_OBJC_IMPLEMENTATIONS = YES;
				CLANG_WARN_DIRECT_OBJC_ISA_USAGE = YES_ERROR;
				CLANG_WARN_DOCUMENTATION_COMMENTS = YES;
				CLANG_WARN_EMPTY_BODY = YES;
				CLANG_WARN_ENUM_CONVERSION = YES;
				CLANG_WARN_INFINITE_RECURSION = YES;
				CLANG_WARN_INT_CONVERSION = YES;
				CLANG_WARN_NON_LITERAL_NULL_CONVERSION = YES;
				CLANG_WARN_OBJC_IMPLICIT_RETAIN_SELF = YES;
				CLANG_WARN_OBJC_LITERAL_CONVERSION = YES;
				CLANG_WARN_OBJC_ROOT_CLASS = YES_ERROR;
				CLANG_WARN_QUOTED_INCLUDE_IN_FRAMEWORK_HEADER = YES;
				CLANG_WARN_RANGE_LOOP_ANALYSIS = YES;
				CLANG_WARN_STRICT_PROTOTYPES = YES;
				CLANG_WARN_SUSPICIOUS_MOVE = YES;
				CLANG_WARN_UNGUARDED_AVAILABILITY = YES_AGGRESSIVE;
				CLANG_WARN_UNREACHABLE_CODE = YES;
				CLANG_WARN__DUPLICATE_METHOD_MATCH = YES;
				COPY_PHASE_STRIP = NO;
				DEBUG_INFORMATION_FORMAT = "dwarf-with-dsym";
				DEVELOPMENT_TEAM = NWJ8RBXRGX;
				ENABLE_NS_ASSERTIONS = NO;
				ENABLE_STRICT_OBJC_MSGSEND = YES;
				ENABLE_USER_SCRIPT_SANDBOXING = YES;
				GCC_C_LANGUAGE_STANDARD = gnu17;
				GCC_NO_COMMON_BLOCKS = YES;
				GCC_WARN_64_TO_32_BIT_CONVERSION = YES;
				GCC_WARN_ABOUT_RETURN_TYPE = YES_ERROR;
				GCC_WARN_UNDECLARED_SELECTOR = YES;
				GCC_WARN_UNINITIALIZED_AUTOS = YES_AGGRESSIVE;
				GCC_WARN_UNUSED_FUNCTION = YES;
				GCC_WARN_UNUSED_VARIABLE = YES;
				IPHONEOS_DEPLOYMENT_TARGET = 26.2;
				LOCALIZATION_PREFERS_STRING_CATALOGS = YES;
				MTL_ENABLE_DEBUG_INFO = NO;
				MTL_FAST_MATH = YES;
				SDKROOT = iphoneos;
				SWIFT_COMPILATION_MODE = wholemodule;
				VALIDATE_PRODUCT = YES;
			};
			name = Release;
		};
		8820DF522F48C5D5004148A8 /* Debug */ = {
			isa = XCBuildConfiguration;
			buildSettings = {
				ASSETCATALOG_COMPILER_APPICON_NAME = AppIcon;
				ASSETCATALOG_COMPILER_GLOBAL_ACCENT_COLOR_NAME = AccentColor;
				CODE_SIGN_STYLE = Automatic;
				CURRENT_PROJECT_VERSION = 1;
				DEVELOPMENT_TEAM = NWJ8RBXRGX;
				ENABLE_PREVIEWS = YES;
				GENERATE_INFOPLIST_FILE = YES;
				INFOPLIST_KEY_UIApplicationSceneManifest_Generation = YES;
				INFOPLIST_KEY_UIApplicationSupportsIndirectInputEvents = YES;
				INFOPLIST_KEY_UILaunchScreen_Generation = YES;
				INFOPLIST_KEY_UISupportedInterfaceOrientations_iPad = "UIInterfaceOrientationPortrait UIInterfaceOrientationPortraitUpsideDown UIInterfaceOrientationLandscapeLeft UIInterfaceOrientationLandscapeRight";
				INFOPLIST_KEY_UISupportedInterfaceOrientations_iPhone = "UIInterfaceOrientationPortrait UIInterfaceOrientationLandscapeLeft UIInterfaceOrientationLandscapeRight";
				LD_RUNPATH_SEARCH_PATHS = (
					"$(inherited)",
					"@executable_path/Frameworks",
				);
				MARKETING_VERSION = 1.0;
				PRODUCT_BUNDLE_IDENTIFIER = "prashanthgk600-gmail.com.TMDb-Movie-App";
				PRODUCT_NAME = "$(TARGET_NAME)";
				STRING_CATALOG_GENERATE_SYMBOLS = YES;
				SWIFT_APPROACHABLE_CONCURRENCY = YES;
				SWIFT_DEFAULT_ACTOR_ISOLATION = MainActor;
				SWIFT_EMIT_LOC_STRINGS = YES;
				SWIFT_UPCOMING_FEATURE_MEMBER_IMPORT_VISIBILITY = YES;
				SWIFT_VERSION = 5.0;
				TARGETED_DEVICE_FAMILY = "1,2";
			};
			name = Debug;
		};
		8820DF532F48C5D5004148A8 /* Release */ = {
			isa = XCBuildConfiguration;
			buildSettings = {
				ASSETCATALOG_COMPILER_APPICON_NAME = AppIcon;
				ASSETCATALOG_COMPILER_GLOBAL_ACCENT_COLOR_NAME = AccentColor;
				CODE_SIGN_STYLE = Automatic;
				CURRENT_PROJECT_VERSION = 1;
				DEVELOPMENT_TEAM = NWJ8RBXRGX;
				ENABLE_PREVIEWS = YES;
				GENERATE_INFOPLIST_FILE = YES;
				INFOPLIST_KEY_UIApplicationSceneManifest_Generation = YES;
				INFOPLIST_KEY_UIApplicationSupportsIndirectInputEvents = YES;
				INFOPLIST_KEY_UILaunchScreen_Generation = YES;
				INFOPLIST_KEY_UISupportedInterfaceOrientations_iPad = "UIInterfaceOrientationPortrait UIInterfaceOrientationPortraitUpsideDown UIInterfaceOrientationLandscapeLeft UIInterfaceOrientationLandscapeRight";
				INFOPLIST_KEY_UISupportedInterfaceOrientations_iPhone = "UIInterfaceOrientationPortrait UIInterfaceOrientationLandscapeLeft UIInterfaceOrientationLandscapeRight";
				LD_RUNPATH_SEARCH_PATHS = (
					"$(inherited)",
					"@executable_path/Frameworks",
				);
				MARKETING_VERSION = 1.0;
				PRODUCT_BUNDLE_IDENTIFIER = "prashanthgk600-gmail.com.TMDb-Movie-App";
				PRODUCT_NAME = "$(TARGET_NAME)";
				STRING_CATALOG_GENERATE_SYMBOLS = YES;
				SWIFT_APPROACHABLE_CONCURRENCY = YES;
				SWIFT_DEFAULT_ACTOR_ISOLATION = MainActor;
				SWIFT_EMIT_LOC_STRINGS = YES;
				SWIFT_UPCOMING_FEATURE_MEMBER_IMPORT_VISIBILITY = YES;
				SWIFT_VERSION = 5.0;
				TARGETED_DEVICE_FAMILY = "1,2";
			};
			name = Release;
		};
		8820DF552F48C5D5004148A8 /* Debug */ = {
			isa = XCBuildConfiguration;
			buildSettings = {
				BUNDLE_LOADER = "$(TEST_HOST)";
				CODE_SIGN_STYLE = Automatic;
				CURRENT_PROJECT_VERSION = 1;
				DEVELOPMENT_TEAM = NWJ8RBXRGX;
				GENERATE_INFOPLIST_FILE = YES;
				IPHONEOS_DEPLOYMENT_TARGET = 26.2;
				MARKETING_VERSION = 1.0;
				PRODUCT_BUNDLE_IDENTIFIER = "prashanthgk600-gmail.com.TMDb-Movie-AppTests";
				PRODUCT_NAME = "$(TARGET_NAME)";
				STRING_CATALOG_GENERATE_SYMBOLS = NO;
				SWIFT_APPROACHABLE_CONCURRENCY = YES;
				SWIFT_EMIT_LOC_STRINGS = NO;
				SWIFT_UPCOMING_FEATURE_MEMBER_IMPORT_VISIBILITY = YES;
				SWIFT_VERSION = 5.0;
				TARGETED_DEVICE_FAMILY = "1,2";
				TEST_HOST = "$(BUILT_PRODUCTS_DIR)/TMDb-Movie-App.app/$(BUNDLE_EXECUTABLE_FOLDER_PATH)/TMDb-Movie-App";
			};
			name = Debug;
		};
		8820DF562F48C5D5004148A8 /* Release */ = {
			isa = XCBuildConfiguration;
			buildSettings = {
				BUNDLE_LOADER = "$(TEST_HOST)";
				CODE_SIGN_STYLE = Automatic;
				CURRENT_PROJECT_VERSION = 1;
				DEVELOPMENT_TEAM = NWJ8RBXRGX;
				GENERATE_INFOPLIST_FILE = YES;
				IPHONEOS_DEPLOYMENT_TARGET = 26.2;
				MARKETING_VERSION = 1.0;
				PRODUCT_BUNDLE_IDENTIFIER = "prashanthgk600-gmail.com.TMDb-Movie-AppTests";
				PRODUCT_NAME = "$(TARGET_NAME)";
				STRING_CATALOG_GENERATE_SYMBOLS = NO;
				SWIFT_APPROACHABLE_CONCURRENCY = YES;
				SWIFT_EMIT_LOC_STRINGS = NO;
				SWIFT_UPCOMING_FEATURE_MEMBER_IMPORT_VISIBILITY = YES;
				SWIFT_VERSION = 5.0;
				TARGETED_DEVICE_FAMILY = "1,2";
				TEST_HOST = "$(BUILT_PRODUCTS_DIR)/TMDb-Movie-App.app/$(BUNDLE_EXECUTABLE_FOLDER_PATH)/TMDb-Movie-App";
			};
			name = Release;
		};
		8820DF582F48C5D5004148A8 /* Debug */ = {
			isa = XCBuildConfiguration;
			buildSettings = {
				CODE_SIGN_STYLE = Automatic;
				CURRENT_PROJECT_VERSION = 1;
				DEVELOPMENT_TEAM = NWJ8RBXRGX;
				GENERATE_INFOPLIST_FILE = YES;
				MARKETING_VERSION = 1.0;
				PRODUCT_BUNDLE_IDENTIFIER = "prashanthgk600-gmail.com.TMDb-Movie-AppUITests";
				PRODUCT_NAME = "$(TARGET_NAME)";
				STRING_CATALOG_GENERATE_SYMBOLS = NO;
				SWIFT_APPROACHABLE_CONCURRENCY = YES;
				SWIFT_EMIT_LOC_STRINGS = NO;
				SWIFT_UPCOMING_FEATURE_MEMBER_IMPORT_VISIBILITY = YES;
				SWIFT_VERSION = 5.0;
				TARGETED_DEVICE_FAMILY = "1,2";
				TEST_TARGET_NAME = "TMDb-Movie-App";
			};
			name = Debug;
		};
		8820DF592F48C5D5004148A8 /* Release */ = {
			isa = XCBuildConfiguration;
			buildSettings = {
				CODE_SIGN_STYLE = Automatic;
				CURRENT_PROJECT_VERSION = 1;
				DEVELOPMENT_TEAM = NWJ8RBXRGX;
				GENERATE_INFOPLIST_FILE = YES;
				MARKETING_VERSION = 1.0;
				PRODUCT_BUNDLE_IDENTIFIER = "prashanthgk600-gmail.com.TMDb-Movie-AppUITests";
				PRODUCT_NAME = "$(TARGET_NAME)";
				STRING_CATALOG_GENERATE_SYMBOLS = NO;
				SWIFT_APPROACHABLE_CONCURRENCY = YES;
				SWIFT_EMIT_LOC_STRINGS = NO;
				SWIFT_UPCOMING_FEATURE_MEMBER_IMPORT_VISIBILITY = YES;
				SWIFT_VERSION = 5.0;
				TARGETED_DEVICE_FAMILY = "1,2";
				TEST_TARGET_NAME = "TMDb-Movie-App";
			};
			name = Release;
		};
/* End XCBuildConfiguration section */

/* Begin XCConfigurationList section */
		8820DF2B2F48C5D3004148A8 /* Build configuration list for PBXProject "TMDb-Movie-App" */ = {
			isa = XCConfigurationList;
			buildConfigurations = (
				8820DF4F2F48C5D5004148A8 /* Debug */,
				8820DF502F48C5D5004148A8 /* Release */,
			);
			defaultConfigurationIsVisible = 0;
			defaultConfigurationName = Release;
		};
		8820DF512F48C5D5004148A8 /* Build configuration list for PBXNativeTarget "TMDb-Movie-App" */ = {
			isa = XCConfigurationList;
			buildConfigurations = (
				8820DF522F48C5D5004148A8 /* Debug */,
				8820DF532F48C5D5004148A8 /* Release */,
			);
			defaultConfigurationIsVisible = 0;
			defaultConfigurationName = Release;
		};
		8820DF542F48C5D5004148A8 /* Build configuration list for PBXNativeTarget "TMDb-Movie-AppTests" */ = {
			isa = XCConfigurationList;
			buildConfigurations = (
				8820DF552F48C5D5004148A8 /* Debug */,
				8820DF562F48C5D5004148A8 /* Release */,
			);
			defaultConfigurationIsVisible = 0;
			defaultConfigurationName = Release;
		};
		8820DF572F48C5D5004148A8 /* Build configuration list for PBXNativeTarget "TMDb-Movie-AppUITests" */ = {
			isa = XCConfigurationList;
			buildConfigurations = (
				8820DF582F48C5D5004148A8 /* Debug */,
				8820DF592F48C5D5004148A8 /* Release */,
			);
			defaultConfigurationIsVisible = 0;
			defaultConfigurationName = Release;
		};
/* End XCConfigurationList section */
	};
	rootObject = 8820DF282F48C5D3004148A8 /* Project object */;
}
